# @generated by Move, please check-in and do not edit manually.

[move]
version = 3
manifest_digest = "171D81C15B9DC67A840C5A1ED24D227E1C251EA7A196BA74EEDE22BEEF16A5F1"
deps_digest = "F8BBB0CCB2491CA29A3DF03D6F92277A4F3574266507ACD77214D37ECA3F3082"
dependencies = [
  { id = "Sui", name = "Sui" },
]

[[move.package]]
id = "MoveStdlib"
source = { git = "https://github.com/MystenLabs/sui.git", rev = "testnet-v1.58.2", subdir = "crates\\sui-framework\\packages\\move-stdlib" }

[[move.package]]
id = "Sui"
source = { git = "https://github.com/MystenLabs/sui.git", rev = "testnet-v1.58.2", subdir = "crates/sui-framework/packages/sui-framework" }

dependencies = [
  { id = "MoveStdlib", name = "MoveStdlib" },
]

[move.toolchain-version]
compiler-version = "1.58.2"
edition = "2024.beta"
flavor = "sui"

[env]

[env.testnet]
chain-id = "4c78adac"
original-published-id = "0xd5a6f9e7dd18997ed39e1e584b1ec60d636bf295fbe43ccb09cd8a906d2c0204"
latest-published-id = "0xd5a6f9e7dd18997ed39e1e584b1ec60d636bf295fbe43ccb09cd8a906d2c0204"
published-version = "1"
